
Microsoft Visual Studio Solution File, Format Version 12.00
Project("{FAE04EC0-301F-11D3-BF4B-00C04F79EFBC}") = "BackingShop.Web", "BackingShop.Web\BackingShop.Web.csproj", "{E9B65212-9E32-4050-A61E-75B31D6931C8}"
EndProject
Project("{2150E333-8FDC-42A3-9474-1A3956D46DE8}") = "Web", "Web", "{D1A2A581-7BAD-4EF6-ABAB-FBD49B0082CB}"
EndProject
Project("{2150E333-8FDC-42A3-9474-1A3956D46DE8}") = "Core", "Core", "{A05C3EF7-B61C-4E0A-B73A-8C6054DDC1FA}"
EndProject
Project("{2150E333-8FDC-42A3-9474-1A3956D46DE8}") = "Services", "Services", "{CE040079-325D-46C7-A4BD-4D4CF197B4AC}"
EndProject
Project("{2150E333-8FDC-42A3-9474-1A3956D46DE8}") = "Microservices", "Microservices", "{9EC9BC66-1221-4612-A3CB-6F897D44CD75}"
EndProject
Project("{2150E333-8FDC-42A3-9474-1A3956D46DE8}") = "BackgroundTasks", "BackgroundTasks", "{61423DD4-8A5F-4B59-AD86-AE9256F3C229}"
EndProject
Project("{2150E333-8FDC-42A3-9474-1A3956D46DE8}") = "Tests", "Tests", "{470F60CA-12BC-4012-BC6A-1BA6FE1921E3}"
EndProject
Project("{2150E333-8FDC-42A3-9474-1A3956D46DE8}") = "Database", "Database", "{17292184-4D3A-4CD2-8DA4-E7B69C19F189}"
EndProject
Project("{FAE04EC0-301F-11D3-BF4B-00C04F79EFBC}") = "BackingShop.Micro.Identity", "BackingShop.Micro.Identity\BackingShop.Micro.Identity.csproj", "{C2E4252E-7B70-4391-8E54-7924635B67AF}"
EndProject
Project("{FAE04EC0-301F-11D3-BF4B-00C04F79EFBC}") = "BackingShop.Tests.Identity", "BackingShop.Tests.Identity\BackingShop.Tests.Identity.csproj", "{8CF7BEB3-0B31-4A23-A9D4-3CE45362788E}"
EndProject
Project("{FAE04EC0-301F-11D3-BF4B-00C04F79EFBC}") = "BackingShop.RabbitMq", "BackingShop.RabbitMq\BackingShop.RabbitMq.csproj", "{D45BA2DD-3466-42ED-8797-A0463041C6AE}"
EndProject
Project("{FAE04EC0-301F-11D3-BF4B-00C04F79EFBC}") = "BackingShop.Email", "BackingShop.Email\BackingShop.Email.csproj", "{777EF985-35F5-4731-A31B-69A80BF59538}"
EndProject
Project("{FAE04EC0-301F-11D3-BF4B-00C04F79EFBC}") = "BackingShop.Cache", "BackingShop.Cache\BackingShop.Cache.csproj", "{557B5CF0-1F26-4ED8-8388-F695E1AE6E36}"
EndProject
Project("{FAE04EC0-301F-11D3-BF4B-00C04F79EFBC}") = "BackingShop.Micro.ShoppingCart", "BackingShop.Micro.ShoppingCart\BackingShop.Micro.ShoppingCart.csproj", "{4DB1AD62-0F30-43E6-8490-5375D975FCF7}"
EndProject
Project("{FAE04EC0-301F-11D3-BF4B-00C04F79EFBC}") = "BackingShop.Micro.Search", "BackingShop.Micro.Search\BackingShop.Micro.Search.csproj", "{BCDA5D60-938B-408A-8CED-41AF349A64E0}"
EndProject
Project("{FAE04EC0-301F-11D3-BF4B-00C04F79EFBC}") = "BackingShop.Micro.Product", "BackingShop.Micro.Product\BackingShop.Micro.Product.csproj", "{3BF979AF-D599-4B4A-9E77-398EEEF4C13C}"
EndProject
Project("{FAE04EC0-301F-11D3-BF4B-00C04F79EFBC}") = "BackingShop.Micro.Review", "BackingShop.Micro.Review\BackingShop.Micro.Review.csproj", "{5DBF8CEA-EE05-4465-AE5E-B76F21EDCDD4}"
EndProject
Project("{FAE04EC0-301F-11D3-BF4B-00C04F79EFBC}") = "BackingShop.Micro.Coupon", "BackingShop.Micro.Coupon\BackingShop.Micro.Coupon.csproj", "{C78223C9-99F3-499E-9D4E-8180FC790611}"
EndProject
Project("{FAE04EC0-301F-11D3-BF4B-00C04F79EFBC}") = "BackingShop.Micro.Order", "BackingShop.Micro.Order\BackingShop.Micro.Order.csproj", "{3C5DCE86-9A1C-42E6-A32A-BEEDB64CCF96}"
EndProject
Project("{FAE04EC0-301F-11D3-BF4B-00C04F79EFBC}") = "BackingShop.Database.Identity", "BackingShop.Database.Identity\BackingShop.Database.Identity.csproj", "{3AB6737F-7ADD-4185-B635-F966629F85A7}"
EndProject
Project("{FAE04EC0-301F-11D3-BF4B-00C04F79EFBC}") = "BackingShop.Database.Attendee", "BackingShop.Database.Attendee\BackingShop.Database.Attendee.csproj", "{2C94D64D-03EB-443B-A853-9B01CEF5D63C}"
EndProject
Project("{FAE04EC0-301F-11D3-BF4B-00C04F79EFBC}") = "BackingShop.Database.Notification", "BackingShop.Database.Notification\BackingShop.Database.Notification.csproj", "{0BEA3E64-08B3-4426-85A7-E0D64707ECE6}"
EndProject
Project("{FAE04EC0-301F-11D3-BF4B-00C04F79EFBC}") = "BackingShop.Database.PersonalEvent", "BackingShop.Database.PersonalEvent\BackingShop.Database.PersonalEvent.csproj", "{AEAF5366-C65E-45DF-BD2C-ACA8C4D88B80}"
EndProject
Project("{FAE04EC0-301F-11D3-BF4B-00C04F79EFBC}") = "BackingShop.Database.GroupEvent", "BackingShop.Database.GroupEvent\BackingShop.Database.GroupEvent.csproj", "{7948185A-2A34-40D4-B2E1-1C13DB6CED75}"
EndProject
Project("{FAE04EC0-301F-11D3-BF4B-00C04F79EFBC}") = "BackingShop.Database.Invitation", "BackingShop.Database.Invitation\BackingShop.Database.Invitation.csproj", "{04F1A219-6782-4346-82BF-212D311D838E}"
EndProject
Project("{FAE04EC0-301F-11D3-BF4B-00C04F79EFBC}") = "BackingShop.Database.Common", "BackingShop.Database.Common\BackingShop.Database.Common.csproj", "{551AA075-1E1F-4780-912C-CAB94C0D7DFF}"
EndProject
Project("{FAE04EC0-301F-11D3-BF4B-00C04F79EFBC}") = "BackingShop.Database.MetricsAndRabbitMessages", "BackingShop.Database.MetricsAndRabbitMessages\BackingShop.Database.MetricsAndRabbitMessages.csproj", "{843133E0-322B-4207-A235-B0C7DF5297D2}"
EndProject
Project("{FAE04EC0-301F-11D3-BF4B-00C04F79EFBC}") = "BackingShop.Database.Product", "BackingShop.Database.Product\BackingShop.Database.Product.csproj", "{0B02D231-2BF2-4CF0-9BAC-4D57E430FCC5}"
EndProject
Project("{FAE04EC0-301F-11D3-BF4B-00C04F79EFBC}") = "BackingShop.Database.ShoppingCart", "BackingShop.Database.ShoppingCart\BackingShop.Database.ShoppingCart.csproj", "{1E35339F-9C52-409B-B6A2-9CF4EBA279A6}"
EndProject
Project("{FAE04EC0-301F-11D3-BF4B-00C04F79EFBC}") = "BackingShop.Database.Review", "BackingShop.Database.Review\BackingShop.Database.Review.csproj", "{C3E61521-84BE-4D22-9B90-BC68620FE957}"
EndProject
Project("{FAE04EC0-301F-11D3-BF4B-00C04F79EFBC}") = "BackingShop.Database.Coupon", "BackingShop.Database.Coupon\BackingShop.Database.Coupon.csproj", "{DE6322EE-1130-4242-BB0D-512D2831FF3F}"
EndProject
Project("{FAE04EC0-301F-11D3-BF4B-00C04F79EFBC}") = "BackingShop.Application", "BackingShop.Application\BackingShop.Application.csproj", "{CC9C5872-B4AC-4856-A8C0-B9E54A12E620}"
EndProject
Project("{FAE04EC0-301F-11D3-BF4B-00C04F79EFBC}") = "BackingShop.Domain.Common", "BackingShop.Domain.Common\BackingShop.Domain.Common.csproj", "{C90931F6-3D5B-4D76-902A-EFAFA55DA6AC}"
EndProject
Project("{FAE04EC0-301F-11D3-BF4B-00C04F79EFBC}") = "BackingShop.Domain.Identity", "BackingShop.Domain.Identity\BackingShop.Domain.Identity.csproj", "{FA8315DE-3335-4807-A12B-C4548BC95516}"
EndProject
Project("{FAE04EC0-301F-11D3-BF4B-00C04F79EFBC}") = "BackingShop.Domain.Product", "BackingShop.Domain.Product\BackingShop.Domain.Product.csproj", "{5535182A-0CB4-4A43-9A56-C54BAED42551}"
EndProject
Project("{FAE04EC0-301F-11D3-BF4B-00C04F79EFBC}") = "BackingShop.Domain.ShoppingCart", "BackingShop.Domain.ShoppingCart\BackingShop.Domain.ShoppingCart.csproj", "{622CA287-577F-4CEC-A958-567F1CFCAB4E}"
EndProject
Project("{FAE04EC0-301F-11D3-BF4B-00C04F79EFBC}") = "BackingShop.Domain.Order", "BackingShop.Domain.Order\BackingShop.Domain.Order.csproj", "{B84AE156-E312-41F5-875E-8CE13947603C}"
EndProject
Project("{FAE04EC0-301F-11D3-BF4B-00C04F79EFBC}") = "BackingShop.BackgroundTasks", "BackingShop.BackgroundTasks\BackingShop.BackgroundTasks.csproj", "{4516B803-057D-4B5F-883D-2C89D7487CAB}"
EndProject
Project("{2150E333-8FDC-42A3-9474-1A3956D46DE8}") = "Events", "Events", "{5E694805-5EAB-4F4E-BAB5-5FDCFC4D5F8E}"
EndProject
Project("{FAE04EC0-301F-11D3-BF4B-00C04F79EFBC}") = "BackingShop.Events.Attendee", "BackingShop.Events.Attendee\BackingShop.Events.Attendee.csproj", "{DBA56CC5-C4E0-4C2B-831E-2CCDA6465EB3}"
EndProject
Project("{FAE04EC0-301F-11D3-BF4B-00C04F79EFBC}") = "BackingShop.Events.Invitation", "BackingShop.Events.Invitation\BackingShop.Events.Invitation.csproj", "{8C6099B6-CD89-4A6B-9073-635D82C3E3A3}"
EndProject
Project("{FAE04EC0-301F-11D3-BF4B-00C04F79EFBC}") = "BackingShop.Events.GroupEvent", "BackingShop.Events.GroupEvent\BackingShop.Events.GroupEvent.csproj", "{9A9651A1-E5E8-4354-8336-585CB6C22FFD}"
EndProject
Project("{FAE04EC0-301F-11D3-BF4B-00C04F79EFBC}") = "BackingShop.Events.PersonalEvent", "BackingShop.Events.PersonalEvent\BackingShop.Events.PersonalEvent.csproj", "{12235667-48CE-4E87-AB07-AD905B064F9B}"
EndProject
Project("{FAE04EC0-301F-11D3-BF4B-00C04F79EFBC}") = "BackingShop.Contracts.Common", "BackingShop.Contracts.Common\BackingShop.Contracts.Common.csproj", "{060112DE-2008-4AEF-829E-76839854DC8C}"
EndProject
Global
	GlobalSection(SolutionConfigurationPlatforms) = preSolution
		Debug|Any CPU = Debug|Any CPU
		Release|Any CPU = Release|Any CPU
	EndGlobalSection
	GlobalSection(ProjectConfigurationPlatforms) = postSolution
		{E9B65212-9E32-4050-A61E-75B31D6931C8}.Debug|Any CPU.ActiveCfg = Debug|Any CPU
		{E9B65212-9E32-4050-A61E-75B31D6931C8}.Debug|Any CPU.Build.0 = Debug|Any CPU
		{E9B65212-9E32-4050-A61E-75B31D6931C8}.Release|Any CPU.ActiveCfg = Release|Any CPU
		{E9B65212-9E32-4050-A61E-75B31D6931C8}.Release|Any CPU.Build.0 = Release|Any CPU
		{C2E4252E-7B70-4391-8E54-7924635B67AF}.Debug|Any CPU.ActiveCfg = Debug|Any CPU
		{C2E4252E-7B70-4391-8E54-7924635B67AF}.Debug|Any CPU.Build.0 = Debug|Any CPU
		{C2E4252E-7B70-4391-8E54-7924635B67AF}.Release|Any CPU.ActiveCfg = Release|Any CPU
		{C2E4252E-7B70-4391-8E54-7924635B67AF}.Release|Any CPU.Build.0 = Release|Any CPU
		{8CF7BEB3-0B31-4A23-A9D4-3CE45362788E}.Debug|Any CPU.ActiveCfg = Debug|Any CPU
		{8CF7BEB3-0B31-4A23-A9D4-3CE45362788E}.Debug|Any CPU.Build.0 = Debug|Any CPU
		{8CF7BEB3-0B31-4A23-A9D4-3CE45362788E}.Release|Any CPU.ActiveCfg = Release|Any CPU
		{8CF7BEB3-0B31-4A23-A9D4-3CE45362788E}.Release|Any CPU.Build.0 = Release|Any CPU
		{D45BA2DD-3466-42ED-8797-A0463041C6AE}.Debug|Any CPU.ActiveCfg = Debug|Any CPU
		{D45BA2DD-3466-42ED-8797-A0463041C6AE}.Debug|Any CPU.Build.0 = Debug|Any CPU
		{D45BA2DD-3466-42ED-8797-A0463041C6AE}.Release|Any CPU.ActiveCfg = Release|Any CPU
		{D45BA2DD-3466-42ED-8797-A0463041C6AE}.Release|Any CPU.Build.0 = Release|Any CPU
		{777EF985-35F5-4731-A31B-69A80BF59538}.Debug|Any CPU.ActiveCfg = Debug|Any CPU
		{777EF985-35F5-4731-A31B-69A80BF59538}.Debug|Any CPU.Build.0 = Debug|Any CPU
		{777EF985-35F5-4731-A31B-69A80BF59538}.Release|Any CPU.ActiveCfg = Release|Any CPU
		{777EF985-35F5-4731-A31B-69A80BF59538}.Release|Any CPU.Build.0 = Release|Any CPU
		{557B5CF0-1F26-4ED8-8388-F695E1AE6E36}.Debug|Any CPU.ActiveCfg = Debug|Any CPU
		{557B5CF0-1F26-4ED8-8388-F695E1AE6E36}.Debug|Any CPU.Build.0 = Debug|Any CPU
		{557B5CF0-1F26-4ED8-8388-F695E1AE6E36}.Release|Any CPU.ActiveCfg = Release|Any CPU
		{557B5CF0-1F26-4ED8-8388-F695E1AE6E36}.Release|Any CPU.Build.0 = Release|Any CPU
		{4DB1AD62-0F30-43E6-8490-5375D975FCF7}.Debug|Any CPU.ActiveCfg = Debug|Any CPU
		{4DB1AD62-0F30-43E6-8490-5375D975FCF7}.Debug|Any CPU.Build.0 = Debug|Any CPU
		{4DB1AD62-0F30-43E6-8490-5375D975FCF7}.Release|Any CPU.ActiveCfg = Release|Any CPU
		{4DB1AD62-0F30-43E6-8490-5375D975FCF7}.Release|Any CPU.Build.0 = Release|Any CPU
		{BCDA5D60-938B-408A-8CED-41AF349A64E0}.Debug|Any CPU.ActiveCfg = Debug|Any CPU
		{BCDA5D60-938B-408A-8CED-41AF349A64E0}.Debug|Any CPU.Build.0 = Debug|Any CPU
		{BCDA5D60-938B-408A-8CED-41AF349A64E0}.Release|Any CPU.ActiveCfg = Release|Any CPU
		{BCDA5D60-938B-408A-8CED-41AF349A64E0}.Release|Any CPU.Build.0 = Release|Any CPU
		{3BF979AF-D599-4B4A-9E77-398EEEF4C13C}.Debug|Any CPU.ActiveCfg = Debug|Any CPU
		{3BF979AF-D599-4B4A-9E77-398EEEF4C13C}.Debug|Any CPU.Build.0 = Debug|Any CPU
		{3BF979AF-D599-4B4A-9E77-398EEEF4C13C}.Release|Any CPU.ActiveCfg = Release|Any CPU
		{3BF979AF-D599-4B4A-9E77-398EEEF4C13C}.Release|Any CPU.Build.0 = Release|Any CPU
		{5DBF8CEA-EE05-4465-AE5E-B76F21EDCDD4}.Debug|Any CPU.ActiveCfg = Debug|Any CPU
		{5DBF8CEA-EE05-4465-AE5E-B76F21EDCDD4}.Debug|Any CPU.Build.0 = Debug|Any CPU
		{5DBF8CEA-EE05-4465-AE5E-B76F21EDCDD4}.Release|Any CPU.ActiveCfg = Release|Any CPU
		{5DBF8CEA-EE05-4465-AE5E-B76F21EDCDD4}.Release|Any CPU.Build.0 = Release|Any CPU
		{C78223C9-99F3-499E-9D4E-8180FC790611}.Debug|Any CPU.ActiveCfg = Debug|Any CPU
		{C78223C9-99F3-499E-9D4E-8180FC790611}.Debug|Any CPU.Build.0 = Debug|Any CPU
		{C78223C9-99F3-499E-9D4E-8180FC790611}.Release|Any CPU.ActiveCfg = Release|Any CPU
		{C78223C9-99F3-499E-9D4E-8180FC790611}.Release|Any CPU.Build.0 = Release|Any CPU
		{3C5DCE86-9A1C-42E6-A32A-BEEDB64CCF96}.Debug|Any CPU.ActiveCfg = Debug|Any CPU
		{3C5DCE86-9A1C-42E6-A32A-BEEDB64CCF96}.Debug|Any CPU.Build.0 = Debug|Any CPU
		{3C5DCE86-9A1C-42E6-A32A-BEEDB64CCF96}.Release|Any CPU.ActiveCfg = Release|Any CPU
		{3C5DCE86-9A1C-42E6-A32A-BEEDB64CCF96}.Release|Any CPU.Build.0 = Release|Any CPU
		{3AB6737F-7ADD-4185-B635-F966629F85A7}.Debug|Any CPU.ActiveCfg = Debug|Any CPU
		{3AB6737F-7ADD-4185-B635-F966629F85A7}.Debug|Any CPU.Build.0 = Debug|Any CPU
		{3AB6737F-7ADD-4185-B635-F966629F85A7}.Release|Any CPU.ActiveCfg = Release|Any CPU
		{3AB6737F-7ADD-4185-B635-F966629F85A7}.Release|Any CPU.Build.0 = Release|Any CPU
		{2C94D64D-03EB-443B-A853-9B01CEF5D63C}.Debug|Any CPU.ActiveCfg = Debug|Any CPU
		{2C94D64D-03EB-443B-A853-9B01CEF5D63C}.Debug|Any CPU.Build.0 = Debug|Any CPU
		{2C94D64D-03EB-443B-A853-9B01CEF5D63C}.Release|Any CPU.ActiveCfg = Release|Any CPU
		{2C94D64D-03EB-443B-A853-9B01CEF5D63C}.Release|Any CPU.Build.0 = Release|Any CPU
		{0BEA3E64-08B3-4426-85A7-E0D64707ECE6}.Debug|Any CPU.ActiveCfg = Debug|Any CPU
		{0BEA3E64-08B3-4426-85A7-E0D64707ECE6}.Debug|Any CPU.Build.0 = Debug|Any CPU
		{0BEA3E64-08B3-4426-85A7-E0D64707ECE6}.Release|Any CPU.ActiveCfg = Release|Any CPU
		{0BEA3E64-08B3-4426-85A7-E0D64707ECE6}.Release|Any CPU.Build.0 = Release|Any CPU
		{AEAF5366-C65E-45DF-BD2C-ACA8C4D88B80}.Debug|Any CPU.ActiveCfg = Debug|Any CPU
		{AEAF5366-C65E-45DF-BD2C-ACA8C4D88B80}.Debug|Any CPU.Build.0 = Debug|Any CPU
		{AEAF5366-C65E-45DF-BD2C-ACA8C4D88B80}.Release|Any CPU.ActiveCfg = Release|Any CPU
		{AEAF5366-C65E-45DF-BD2C-ACA8C4D88B80}.Release|Any CPU.Build.0 = Release|Any CPU
		{7948185A-2A34-40D4-B2E1-1C13DB6CED75}.Debug|Any CPU.ActiveCfg = Debug|Any CPU
		{7948185A-2A34-40D4-B2E1-1C13DB6CED75}.Debug|Any CPU.Build.0 = Debug|Any CPU
		{7948185A-2A34-40D4-B2E1-1C13DB6CED75}.Release|Any CPU.ActiveCfg = Release|Any CPU
		{7948185A-2A34-40D4-B2E1-1C13DB6CED75}.Release|Any CPU.Build.0 = Release|Any CPU
		{04F1A219-6782-4346-82BF-212D311D838E}.Debug|Any CPU.ActiveCfg = Debug|Any CPU
		{04F1A219-6782-4346-82BF-212D311D838E}.Debug|Any CPU.Build.0 = Debug|Any CPU
		{04F1A219-6782-4346-82BF-212D311D838E}.Release|Any CPU.ActiveCfg = Release|Any CPU
		{04F1A219-6782-4346-82BF-212D311D838E}.Release|Any CPU.Build.0 = Release|Any CPU
		{551AA075-1E1F-4780-912C-CAB94C0D7DFF}.Debug|Any CPU.ActiveCfg = Debug|Any CPU
		{551AA075-1E1F-4780-912C-CAB94C0D7DFF}.Debug|Any CPU.Build.0 = Debug|Any CPU
		{551AA075-1E1F-4780-912C-CAB94C0D7DFF}.Release|Any CPU.ActiveCfg = Release|Any CPU
		{551AA075-1E1F-4780-912C-CAB94C0D7DFF}.Release|Any CPU.Build.0 = Release|Any CPU
		{843133E0-322B-4207-A235-B0C7DF5297D2}.Debug|Any CPU.ActiveCfg = Debug|Any CPU
		{843133E0-322B-4207-A235-B0C7DF5297D2}.Debug|Any CPU.Build.0 = Debug|Any CPU
		{843133E0-322B-4207-A235-B0C7DF5297D2}.Release|Any CPU.ActiveCfg = Release|Any CPU
		{843133E0-322B-4207-A235-B0C7DF5297D2}.Release|Any CPU.Build.0 = Release|Any CPU
		{0B02D231-2BF2-4CF0-9BAC-4D57E430FCC5}.Debug|Any CPU.ActiveCfg = Debug|Any CPU
		{0B02D231-2BF2-4CF0-9BAC-4D57E430FCC5}.Debug|Any CPU.Build.0 = Debug|Any CPU
		{0B02D231-2BF2-4CF0-9BAC-4D57E430FCC5}.Release|Any CPU.ActiveCfg = Release|Any CPU
		{0B02D231-2BF2-4CF0-9BAC-4D57E430FCC5}.Release|Any CPU.Build.0 = Release|Any CPU
		{1E35339F-9C52-409B-B6A2-9CF4EBA279A6}.Debug|Any CPU.ActiveCfg = Debug|Any CPU
		{1E35339F-9C52-409B-B6A2-9CF4EBA279A6}.Debug|Any CPU.Build.0 = Debug|Any CPU
		{1E35339F-9C52-409B-B6A2-9CF4EBA279A6}.Release|Any CPU.ActiveCfg = Release|Any CPU
		{1E35339F-9C52-409B-B6A2-9CF4EBA279A6}.Release|Any CPU.Build.0 = Release|Any CPU
		{C3E61521-84BE-4D22-9B90-BC68620FE957}.Debug|Any CPU.ActiveCfg = Debug|Any CPU
		{C3E61521-84BE-4D22-9B90-BC68620FE957}.Debug|Any CPU.Build.0 = Debug|Any CPU
		{C3E61521-84BE-4D22-9B90-BC68620FE957}.Release|Any CPU.ActiveCfg = Release|Any CPU
		{C3E61521-84BE-4D22-9B90-BC68620FE957}.Release|Any CPU.Build.0 = Release|Any CPU
		{DE6322EE-1130-4242-BB0D-512D2831FF3F}.Debug|Any CPU.ActiveCfg = Debug|Any CPU
		{DE6322EE-1130-4242-BB0D-512D2831FF3F}.Debug|Any CPU.Build.0 = Debug|Any CPU
		{DE6322EE-1130-4242-BB0D-512D2831FF3F}.Release|Any CPU.ActiveCfg = Release|Any CPU
		{DE6322EE-1130-4242-BB0D-512D2831FF3F}.Release|Any CPU.Build.0 = Release|Any CPU
		{CC9C5872-B4AC-4856-A8C0-B9E54A12E620}.Debug|Any CPU.ActiveCfg = Debug|Any CPU
		{CC9C5872-B4AC-4856-A8C0-B9E54A12E620}.Debug|Any CPU.Build.0 = Debug|Any CPU
		{CC9C5872-B4AC-4856-A8C0-B9E54A12E620}.Release|Any CPU.ActiveCfg = Release|Any CPU
		{CC9C5872-B4AC-4856-A8C0-B9E54A12E620}.Release|Any CPU.Build.0 = Release|Any CPU
		{C90931F6-3D5B-4D76-902A-EFAFA55DA6AC}.Debug|Any CPU.ActiveCfg = Debug|Any CPU
		{C90931F6-3D5B-4D76-902A-EFAFA55DA6AC}.Debug|Any CPU.Build.0 = Debug|Any CPU
		{C90931F6-3D5B-4D76-902A-EFAFA55DA6AC}.Release|Any CPU.ActiveCfg = Release|Any CPU
		{C90931F6-3D5B-4D76-902A-EFAFA55DA6AC}.Release|Any CPU.Build.0 = Release|Any CPU
		{FA8315DE-3335-4807-A12B-C4548BC95516}.Debug|Any CPU.ActiveCfg = Debug|Any CPU
		{FA8315DE-3335-4807-A12B-C4548BC95516}.Debug|Any CPU.Build.0 = Debug|Any CPU
		{FA8315DE-3335-4807-A12B-C4548BC95516}.Release|Any CPU.ActiveCfg = Release|Any CPU
		{FA8315DE-3335-4807-A12B-C4548BC95516}.Release|Any CPU.Build.0 = Release|Any CPU
		{5535182A-0CB4-4A43-9A56-C54BAED42551}.Debug|Any CPU.ActiveCfg = Debug|Any CPU
		{5535182A-0CB4-4A43-9A56-C54BAED42551}.Debug|Any CPU.Build.0 = Debug|Any CPU
		{5535182A-0CB4-4A43-9A56-C54BAED42551}.Release|Any CPU.ActiveCfg = Release|Any CPU
		{5535182A-0CB4-4A43-9A56-C54BAED42551}.Release|Any CPU.Build.0 = Release|Any CPU
		{622CA287-577F-4CEC-A958-567F1CFCAB4E}.Debug|Any CPU.ActiveCfg = Debug|Any CPU
		{622CA287-577F-4CEC-A958-567F1CFCAB4E}.Debug|Any CPU.Build.0 = Debug|Any CPU
		{622CA287-577F-4CEC-A958-567F1CFCAB4E}.Release|Any CPU.ActiveCfg = Release|Any CPU
		{622CA287-577F-4CEC-A958-567F1CFCAB4E}.Release|Any CPU.Build.0 = Release|Any CPU
		{B84AE156-E312-41F5-875E-8CE13947603C}.Debug|Any CPU.ActiveCfg = Debug|Any CPU
		{B84AE156-E312-41F5-875E-8CE13947603C}.Debug|Any CPU.Build.0 = Debug|Any CPU
		{B84AE156-E312-41F5-875E-8CE13947603C}.Release|Any CPU.ActiveCfg = Release|Any CPU
		{B84AE156-E312-41F5-875E-8CE13947603C}.Release|Any CPU.Build.0 = Release|Any CPU
		{4516B803-057D-4B5F-883D-2C89D7487CAB}.Debug|Any CPU.ActiveCfg = Debug|Any CPU
		{4516B803-057D-4B5F-883D-2C89D7487CAB}.Debug|Any CPU.Build.0 = Debug|Any CPU
		{4516B803-057D-4B5F-883D-2C89D7487CAB}.Release|Any CPU.ActiveCfg = Release|Any CPU
		{4516B803-057D-4B5F-883D-2C89D7487CAB}.Release|Any CPU.Build.0 = Release|Any CPU
		{DBA56CC5-C4E0-4C2B-831E-2CCDA6465EB3}.Debug|Any CPU.ActiveCfg = Debug|Any CPU
		{DBA56CC5-C4E0-4C2B-831E-2CCDA6465EB3}.Debug|Any CPU.Build.0 = Debug|Any CPU
		{DBA56CC5-C4E0-4C2B-831E-2CCDA6465EB3}.Release|Any CPU.ActiveCfg = Release|Any CPU
		{DBA56CC5-C4E0-4C2B-831E-2CCDA6465EB3}.Release|Any CPU.Build.0 = Release|Any CPU
		{8C6099B6-CD89-4A6B-9073-635D82C3E3A3}.Debug|Any CPU.ActiveCfg = Debug|Any CPU
		{8C6099B6-CD89-4A6B-9073-635D82C3E3A3}.Debug|Any CPU.Build.0 = Debug|Any CPU
		{8C6099B6-CD89-4A6B-9073-635D82C3E3A3}.Release|Any CPU.ActiveCfg = Release|Any CPU
		{8C6099B6-CD89-4A6B-9073-635D82C3E3A3}.Release|Any CPU.Build.0 = Release|Any CPU
		{9A9651A1-E5E8-4354-8336-585CB6C22FFD}.Debug|Any CPU.ActiveCfg = Debug|Any CPU
		{9A9651A1-E5E8-4354-8336-585CB6C22FFD}.Debug|Any CPU.Build.0 = Debug|Any CPU
		{9A9651A1-E5E8-4354-8336-585CB6C22FFD}.Release|Any CPU.ActiveCfg = Release|Any CPU
		{9A9651A1-E5E8-4354-8336-585CB6C22FFD}.Release|Any CPU.Build.0 = Release|Any CPU
		{12235667-48CE-4E87-AB07-AD905B064F9B}.Debug|Any CPU.ActiveCfg = Debug|Any CPU
		{12235667-48CE-4E87-AB07-AD905B064F9B}.Debug|Any CPU.Build.0 = Debug|Any CPU
		{12235667-48CE-4E87-AB07-AD905B064F9B}.Release|Any CPU.ActiveCfg = Release|Any CPU
		{12235667-48CE-4E87-AB07-AD905B064F9B}.Release|Any CPU.Build.0 = Release|Any CPU
		{060112DE-2008-4AEF-829E-76839854DC8C}.Debug|Any CPU.ActiveCfg = Debug|Any CPU
		{060112DE-2008-4AEF-829E-76839854DC8C}.Debug|Any CPU.Build.0 = Debug|Any CPU
		{060112DE-2008-4AEF-829E-76839854DC8C}.Release|Any CPU.ActiveCfg = Release|Any CPU
		{060112DE-2008-4AEF-829E-76839854DC8C}.Release|Any CPU.Build.0 = Release|Any CPU
	EndGlobalSection
	GlobalSection(NestedProjects) = preSolution
		{E9B65212-9E32-4050-A61E-75B31D6931C8} = {D1A2A581-7BAD-4EF6-ABAB-FBD49B0082CB}
		{C2E4252E-7B70-4391-8E54-7924635B67AF} = {9EC9BC66-1221-4612-A3CB-6F897D44CD75}
		{8CF7BEB3-0B31-4A23-A9D4-3CE45362788E} = {470F60CA-12BC-4012-BC6A-1BA6FE1921E3}
		{D45BA2DD-3466-42ED-8797-A0463041C6AE} = {CE040079-325D-46C7-A4BD-4D4CF197B4AC}
		{777EF985-35F5-4731-A31B-69A80BF59538} = {CE040079-325D-46C7-A4BD-4D4CF197B4AC}
		{557B5CF0-1F26-4ED8-8388-F695E1AE6E36} = {CE040079-325D-46C7-A4BD-4D4CF197B4AC}
		{4DB1AD62-0F30-43E6-8490-5375D975FCF7} = {9EC9BC66-1221-4612-A3CB-6F897D44CD75}
		{BCDA5D60-938B-408A-8CED-41AF349A64E0} = {9EC9BC66-1221-4612-A3CB-6F897D44CD75}
		{3BF979AF-D599-4B4A-9E77-398EEEF4C13C} = {9EC9BC66-1221-4612-A3CB-6F897D44CD75}
		{5DBF8CEA-EE05-4465-AE5E-B76F21EDCDD4} = {9EC9BC66-1221-4612-A3CB-6F897D44CD75}
		{C78223C9-99F3-499E-9D4E-8180FC790611} = {9EC9BC66-1221-4612-A3CB-6F897D44CD75}
		{3C5DCE86-9A1C-42E6-A32A-BEEDB64CCF96} = {9EC9BC66-1221-4612-A3CB-6F897D44CD75}
		{3AB6737F-7ADD-4185-B635-F966629F85A7} = {17292184-4D3A-4CD2-8DA4-E7B69C19F189}
		{2C94D64D-03EB-443B-A853-9B01CEF5D63C} = {17292184-4D3A-4CD2-8DA4-E7B69C19F189}
		{0BEA3E64-08B3-4426-85A7-E0D64707ECE6} = {17292184-4D3A-4CD2-8DA4-E7B69C19F189}
		{AEAF5366-C65E-45DF-BD2C-ACA8C4D88B80} = {17292184-4D3A-4CD2-8DA4-E7B69C19F189}
		{7948185A-2A34-40D4-B2E1-1C13DB6CED75} = {17292184-4D3A-4CD2-8DA4-E7B69C19F189}
		{04F1A219-6782-4346-82BF-212D311D838E} = {17292184-4D3A-4CD2-8DA4-E7B69C19F189}
		{551AA075-1E1F-4780-912C-CAB94C0D7DFF} = {17292184-4D3A-4CD2-8DA4-E7B69C19F189}
		{843133E0-322B-4207-A235-B0C7DF5297D2} = {17292184-4D3A-4CD2-8DA4-E7B69C19F189}
		{0B02D231-2BF2-4CF0-9BAC-4D57E430FCC5} = {17292184-4D3A-4CD2-8DA4-E7B69C19F189}
		{1E35339F-9C52-409B-B6A2-9CF4EBA279A6} = {17292184-4D3A-4CD2-8DA4-E7B69C19F189}
		{C3E61521-84BE-4D22-9B90-BC68620FE957} = {17292184-4D3A-4CD2-8DA4-E7B69C19F189}
		{DE6322EE-1130-4242-BB0D-512D2831FF3F} = {17292184-4D3A-4CD2-8DA4-E7B69C19F189}
		{CC9C5872-B4AC-4856-A8C0-B9E54A12E620} = {A05C3EF7-B61C-4E0A-B73A-8C6054DDC1FA}
		{C90931F6-3D5B-4D76-902A-EFAFA55DA6AC} = {A05C3EF7-B61C-4E0A-B73A-8C6054DDC1FA}
		{FA8315DE-3335-4807-A12B-C4548BC95516} = {A05C3EF7-B61C-4E0A-B73A-8C6054DDC1FA}
		{5535182A-0CB4-4A43-9A56-C54BAED42551} = {A05C3EF7-B61C-4E0A-B73A-8C6054DDC1FA}
		{622CA287-577F-4CEC-A958-567F1CFCAB4E} = {A05C3EF7-B61C-4E0A-B73A-8C6054DDC1FA}
		{B84AE156-E312-41F5-875E-8CE13947603C} = {A05C3EF7-B61C-4E0A-B73A-8C6054DDC1FA}
		{4516B803-057D-4B5F-883D-2C89D7487CAB} = {61423DD4-8A5F-4B59-AD86-AE9256F3C229}
		{DBA56CC5-C4E0-4C2B-831E-2CCDA6465EB3} = {5E694805-5EAB-4F4E-BAB5-5FDCFC4D5F8E}
		{8C6099B6-CD89-4A6B-9073-635D82C3E3A3} = {5E694805-5EAB-4F4E-BAB5-5FDCFC4D5F8E}
		{9A9651A1-E5E8-4354-8336-585CB6C22FFD} = {5E694805-5EAB-4F4E-BAB5-5FDCFC4D5F8E}
		{12235667-48CE-4E87-AB07-AD905B064F9B} = {5E694805-5EAB-4F4E-BAB5-5FDCFC4D5F8E}
		{060112DE-2008-4AEF-829E-76839854DC8C} = {A05C3EF7-B61C-4E0A-B73A-8C6054DDC1FA}
	EndGlobalSection
EndGlobal
